
Microsoft Visual Studio Solution File, Format Version 12.00
# Visual Studio 14
VisualStudioVersion = 14.0.25420.1
MinimumVisualStudioVersion = 10.0.40219.1
Project("{FAE04EC0-301F-11D3-BF4B-00C04F79EFBC}") = "WpfApplication1", "WpfApplication1\WpfApplication1.csproj", "{EED89D02-509F-4376-B29F-0434E9BCC371}"
EndProject
Project("{FAE04EC0-301F-11D3-BF4B-00C04F79EFBC}") = "ClassLibrary1", "ClassLibrary1\ClassLibrary1.csproj", "{021FFD8C-B3F0-4C0A-9500-0CADAC9B455E}"
EndProject
Project("{FAE04EC0-301F-11D3-BF4B-00C04F79EFBC}") = "Console_riempimento", "Console_riempimento\Console_riempimento.csproj", "{C0ED3A4F-BEC3-4FDA-BFDA-255784E45F5C}"
EndProject
Global
	GlobalSection(SolutionConfigurationPlatforms) = preSolution
		Debug|Any CPU = Debug|Any CPU
		Release|Any CPU = Release|Any CPU
	EndGlobalSection
	GlobalSection(ProjectConfigurationPlatforms) = postSolution
		{EED89D02-509F-4376-B29F-0434E9BCC371}.Debug|Any CPU.ActiveCfg = Debug|Any CPU
		{EED89D02-509F-4376-B29F-0434E9BCC371}.Debug|Any CPU.Build.0 = Debug|Any CPU
		{EED89D02-509F-4376-B29F-0434E9BCC371}.Release|Any CPU.ActiveCfg = Release|Any CPU
		{EED89D02-509F-4376-B29F-0434E9BCC371}.Release|Any CPU.Build.0 = Release|Any CPU
		{021FFD8C-B3F0-4C0A-9500-0CADAC9B455E}.Debug|Any CPU.ActiveCfg = Debug|Any CPU
		{021FFD8C-B3F0-4C0A-9500-0CADAC9B455E}.Debug|Any CPU.Build.0 = Debug|Any CPU
		{021FFD8C-B3F0-4C0A-9500-0CADAC9B455E}.Release|Any CPU.ActiveCfg = Release|Any CPU
		{021FFD8C-B3F0-4C0A-9500-0CADAC9B455E}.Release|Any CPU.Build.0 = Release|Any CPU
		{C0ED3A4F-BEC3-4FDA-BFDA-255784E45F5C}.Debug|Any CPU.ActiveCfg = Debug|Any CPU
		{C0ED3A4F-BEC3-4FDA-BFDA-255784E45F5C}.Debug|Any CPU.Build.0 = Debug|Any CPU
		{C0ED3A4F-BEC3-4FDA-BFDA-255784E45F5C}.Release|Any CPU.ActiveCfg = Release|Any CPU
		{C0ED3A4F-BEC3-4FDA-BFDA-255784E45F5C}.Release|Any CPU.Build.0 = Release|Any CPU
	EndGlobalSection
	GlobalSection(SolutionProperties) = preSolution
		HideSolutionNode = FALSE
	EndGlobalSection
EndGlobal
